
Microsoft Visual Studio Solution File, Format Version 12.00
# Visual Studio Version 16
VisualStudioVersion = 16.0.28803.202
MinimumVisualStudioVersion = 10.0.40219.1
Project("{8BC9CEB8-8B4A-11D0-8D11-00A0C91BC942}") = "r6gui", "r6gui\r6gui.vcxproj", "{CBB5A2EE-E336-4618-9CC0-60DB16937F42}"
EndProject
Global
	GlobalSection(SolutionConfigurationPlatforms) = preSolution
		Debug|x64 = Debug|x64
		Debug|x86 = Debug|x86
		Release|x64 = Release|x64
		Release|x86 = Release|x86
	EndGlobalSection
	GlobalSection(ProjectConfigurationPlatforms) = postSolution
		{CBB5A2EE-E336-4618-9CC0-60DB16937F42}.Debug|x64.ActiveCfg = Debug|x64
		{CBB5A2EE-E336-4618-9CC0-60DB16937F42}.Debug|x64.Build.0 = Debug|x64
		{CBB5A2EE-E336-4618-9CC0-60DB16937F42}.Debug|x86.ActiveCfg = Debug|Win32
		{CBB5A2EE-E336-4618-9CC0-60DB16937F42}.Debug|x86.Build.0 = Debug|Win32
		{CBB5A2EE-E336-4618-9CC0-60DB16937F42}.Release|x64.ActiveCfg = Release|x64
		{CBB5A2EE-E336-4618-9CC0-60DB16937F42}.Release|x64.Build.0 = Release|x64
		{CBB5A2EE-E336-4618-9CC0-60DB16937F42}.Release|x86.ActiveCfg = Release|Win32
		{CBB5A2EE-E336-4618-9CC0-60DB16937F42}.Release|x86.Build.0 = Release|Win32
	EndGlobalSection
	GlobalSection(SolutionProperties) = preSolution
		HideSolutionNode = FALSE
	EndGlobalSection
	GlobalSection(ExtensibilityGlobals) = postSolution
		SolutionGuid = {38C7C022-B7B4-4CA8-AD9B-55F26DC67470}
	EndGlobalSection
EndGlobal
